
Microsoft Visual Studio Solution File, Format Version 12.00
# Visual Studio 15
VisualStudioVersion = 15.0.26730.16
MinimumVisualStudioVersion = 10.0.40219.1
Project("{FAE04EC0-301F-11D3-BF4B-00C04F79EFBC}") = "trpo", "trpo\trpo.csproj", "{FF41F11D-7FED-4523-8DAA-AA734B1BEBAB}"
EndProject
Global
	GlobalSection(SolutionConfigurationPlatforms) = preSolution
		Debug|Any CPU = Debug|Any CPU
		Release|Any CPU = Release|Any CPU
	EndGlobalSection
	GlobalSection(ProjectConfigurationPlatforms) = postSolution
		{FF41F11D-7FED-4523-8DAA-AA734B1BEBAB}.Debug|Any CPU.ActiveCfg = Debug|Any CPU
		{FF41F11D-7FED-4523-8DAA-AA734B1BEBAB}.Debug|Any CPU.Build.0 = Debug|Any CPU
		{FF41F11D-7FED-4523-8DAA-AA734B1BEBAB}.Release|Any CPU.ActiveCfg = Release|Any CPU
		{FF41F11D-7FED-4523-8DAA-AA734B1BEBAB}.Release|Any CPU.Build.0 = Release|Any CPU
	EndGlobalSection
	GlobalSection(SolutionProperties) = preSolution
		HideSolutionNode = FALSE
	EndGlobalSection
	GlobalSection(ExtensibilityGlobals) = postSolution
		SolutionGuid = {BD97022E-DD3B-4D50-A440-F2B6399C3320}
	EndGlobalSection
EndGlobal
